
Microsoft Visual Studio Solution File, Format Version 12.00
# Visual Studio Version 17
VisualStudioVersion = 17.1.32319.34
MinimumVisualStudioVersion = 10.0.40219.1
Project("{FAE04EC0-301F-11D3-BF4B-00C04F79EFBC}") = "SistemaGestionIntegralGrupo3", "SistemaGestionIntegralGrupo3\SistemaGestionIntegralGrupo3.csproj", "{ABFAAAFB-51F0-4B73-948B-3F147CFB1245}"
EndProject
Global
	GlobalSection(SolutionConfigurationPlatforms) = preSolution
		Debug|Any CPU = Debug|Any CPU
		Release|Any CPU = Release|Any CPU
	EndGlobalSection
	GlobalSection(ProjectConfigurationPlatforms) = postSolution
		{ABFAAAFB-51F0-4B73-948B-3F147CFB1245}.Debug|Any CPU.ActiveCfg = Debug|Any CPU
		{ABFAAAFB-51F0-4B73-948B-3F147CFB1245}.Debug|Any CPU.Build.0 = Debug|Any CPU
		{ABFAAAFB-51F0-4B73-948B-3F147CFB1245}.Release|Any CPU.ActiveCfg = Release|Any CPU
		{ABFAAAFB-51F0-4B73-948B-3F147CFB1245}.Release|Any CPU.Build.0 = Release|Any CPU
	EndGlobalSection
	GlobalSection(SolutionProperties) = preSolution
		HideSolutionNode = FALSE
	EndGlobalSection
	GlobalSection(ExtensibilityGlobals) = postSolution
		SolutionGuid = {91FE5BD2-2E89-4DDD-9886-C702DD82C31C}
	EndGlobalSection
EndGlobal
